
Microsoft Visual Studio Solution File, Format Version 12.00
# Visual Studio 15
VisualStudioVersion = 15.0.26730.12
MinimumVisualStudioVersion = 10.0.40219.1
Project("{9A19103F-16F7-4668-BE54-9A1E7A4F7556}") = "PicShare_GCPDemo", "PicShare_AzureDemo\PicShare_AzureDemo.csproj", "{2264191F-9F6B-4F37-89DF-30ABDB23FB9B}"
EndProject
Global
	GlobalSection(SolutionConfigurationPlatforms) = preSolution
		Debug|Any CPU = Debug|Any CPU
		Release|Any CPU = Release|Any CPU
	EndGlobalSection
	GlobalSection(ProjectConfigurationPlatforms) = postSolution
		{2264191F-9F6B-4F37-89DF-30ABDB23FB9B}.Debug|Any CPU.ActiveCfg = Debug|Any CPU
		{2264191F-9F6B-4F37-89DF-30ABDB23FB9B}.Debug|Any CPU.Build.0 = Debug|Any CPU
		{2264191F-9F6B-4F37-89DF-30ABDB23FB9B}.Release|Any CPU.ActiveCfg = Release|Any CPU
		{2264191F-9F6B-4F37-89DF-30ABDB23FB9B}.Release|Any CPU.Build.0 = Release|Any CPU
	EndGlobalSection
	GlobalSection(SolutionProperties) = preSolution
		HideSolutionNode = FALSE
	EndGlobalSection
	GlobalSection(ExtensibilityGlobals) = postSolution
		SolutionGuid = {E08ED10F-E766-4999-89BF-F53842A3A782}
	EndGlobalSection
EndGlobal
